// !$*UTF8*$!
{
	archiveVersion = 1;
	classes = {
	};
	objectVersion = 56;
	objects = {

/* Begin PBXBuildFile section */
		7EC977A42A74247000F67AE3 /* AIAEC in Frameworks */ = {isa = PBXBuildFile; productRef = 7EC977A32A74247000F67AE3 /* AIAEC */; };
		7EC977A62A74247000F67AE3 /* AINS in Frameworks */ = {isa = PBXBuildFile; productRef = 7EC977A52A74247000F67AE3 /* AINS */; };
		7EC977A82A74247000F67AE3 /* AudioBeauty in Frameworks */ = {isa = PBXBuildFile; productRef = 7EC977A72A74247000F67AE3 /* AudioBeauty */; };
		7EC977AA2A74247000F67AE3 /* ClearVision in Frameworks */ = {isa = PBXBuildFile; productRef = 7EC977A92A74247000F67AE3 /* ClearVision */; };
		7EC977AC2A74247000F67AE3 /* ContentInspect in Frameworks */ = {isa = PBXBuildFile; productRef = 7EC977AB2A74247000F67AE3 /* ContentInspect */; };
		7EC977AE2A74247000F67AE3 /* DRM in Frameworks */ = {isa = PBXBuildFile; productRef = 7EC977AD2A74247000F67AE3 /* DRM */; };
		7EC977B02A74247000F67AE3 /* FaceDetection in Frameworks */ = {isa = PBXBuildFile; productRef = 7EC977AF2A74247000F67AE3 /* FaceDetection */; };
		7EC977B22A74247000F67AE3 /* ReplayKit in Frameworks */ = {isa = PBXBuildFile; productRef = 7EC977B12A74247000F67AE3 /* ReplayKit */; };
		7EC977B42A74247000F67AE3 /* RtcBasic in Frameworks */ = {isa = PBXBuildFile; productRef = 7EC977B32A74247000F67AE3 /* RtcBasic */; };
		7EC977B62A74247000F67AE3 /* SpatialAudio in Frameworks */ = {isa = PBXBuildFile; productRef = 7EC977B52A74247000F67AE3 /* SpatialAudio */; };
		7EC977B82A74247000F67AE3 /* VQA in Frameworks */ = {isa = PBXBuildFile; productRef = 7EC977B72A74247000F67AE3 /* VQA */; };
		7EC977BA2A74247000F67AE3 /* VideoCodecDec in Frameworks */ = {isa = PBXBuildFile; productRef = 7EC977B92A74247000F67AE3 /* VideoCodecDec */; };
		7EC977BC2A74247000F67AE3 /* VideoCodecEnc in Frameworks */ = {isa = PBXBuildFile; productRef = 7EC977BB2A74247000F67AE3 /* VideoCodecEnc */; };
		7EC977BE2A74247000F67AE3 /* VirtualBackground in Frameworks */ = {isa = PBXBuildFile; productRef = 7EC977BD2A74247000F67AE3 /* VirtualBackground */; };
		7EC977C12A74256B00F67AE3 /* AgoraAppGroupDataHelper in Frameworks */ = {isa = PBXBuildFile; productRef = 7EC977C02A74256B00F67AE3 /* AgoraAppGroupDataHelper */; };
		7EC977C32A74256B00F67AE3 /* AgoraBroadcastExtensionHelper in Frameworks */ = {isa = PBXBuildFile; productRef = 7EC977C22A74256B00F67AE3 /* AgoraBroadcastExtensionHelper */; };
		7EC977C52A74256B00F67AE3 /* AgoraUIKit in Frameworks */ = {isa = PBXBuildFile; productRef = 7EC977C42A74256B00F67AE3 /* AgoraUIKit */; };
		7EF0C11C2A70BE0C005C78F0 /* AppDelegate.swift in Sources */ = {isa = PBXBuildFile; fileRef = 7EF0C11B2A70BE0C005C78F0 /* AppDelegate.swift */; };
		7EF0C11E2A70BE0C005C78F0 /* SceneDelegate.swift in Sources */ = {isa = PBXBuildFile; fileRef = 7EF0C11D2A70BE0C005C78F0 /* SceneDelegate.swift */; };
		7EF0C1202A70BE0C005C78F0 /* ViewController.swift in Sources */ = {isa = PBXBuildFile; fileRef = 7EF0C11F2A70BE0C005C78F0 /* ViewController.swift */; };
		7EF0C1232A70BE0C005C78F0 /* Main.storyboard in Resources */ = {isa = PBXBuildFile; fileRef = 7EF0C1212A70BE0C005C78F0 /* Main.storyboard */; };
		7EF0C1252A70BE0D005C78F0 /* Assets.xcassets in Resources */ = {isa = PBXBuildFile; fileRef = 7EF0C1242A70BE0D005C78F0 /* Assets.xcassets */; };
		7EF0C1282A70BE0D005C78F0 /* LaunchScreen.storyboard in Resources */ = {isa = PBXBuildFile; fileRef = 7EF0C1262A70BE0D005C78F0 /* LaunchScreen.storyboard */; };
/* End PBXBuildFile section */

/* Begin PBXFileReference section */
		7EF0C1182A70BE0C005C78F0 /* call.app */ = {isa = PBXFileReference; explicitFileType = wrapper.application; includeInIndex = 0; path = call.app; sourceTree = BUILT_PRODUCTS_DIR; };
		7EF0C11B2A70BE0C005C78F0 /* AppDelegate.swift */ = {isa = PBXFileReference; lastKnownFileType = sourcecode.swift; path = AppDelegate.swift; sourceTree = "<group>"; };
		7EF0C11D2A70BE0C005C78F0 /* SceneDelegate.swift */ = {isa = PBXFileReference; lastKnownFileType = sourcecode.swift; path = SceneDelegate.swift; sourceTree = "<group>"; };
		7EF0C11F2A70BE0C005C78F0 /* ViewController.swift */ = {isa = PBXFileReference; lastKnownFileType = sourcecode.swift; path = ViewController.swift; sourceTree = "<group>"; };
		7EF0C1222A70BE0C005C78F0 /* Base */ = {isa = PBXFileReference; lastKnownFileType = file.storyboard; name = Base; path = Base.lproj/Main.storyboard; sourceTree = "<group>"; };
		7EF0C1242A70BE0D005C78F0 /* Assets.xcassets */ = {isa = PBXFileReference; lastKnownFileType = folder.assetcatalog; path = Assets.xcassets; sourceTree = "<group>"; };
		7EF0C1272A70BE0D005C78F0 /* Base */ = {isa = PBXFileReference; lastKnownFileType = file.storyboard; name = Base; path = Base.lproj/LaunchScreen.storyboard; sourceTree = "<group>"; };
		7EF0C1292A70BE0D005C78F0 /* Info.plist */ = {isa = PBXFileReference; lastKnownFileType = text.plist.xml; path = Info.plist; sourceTree = "<group>"; };
/* End PBXFileReference section */

/* Begin PBXFrameworksBuildPhase section */
		7EF0C1152A70BE0C005C78F0 /* Frameworks */ = {
			isa = PBXFrameworksBuildPhase;
			buildActionMask = 2147483647;
			files = (
				7EC977C12A74256B00F67AE3 /* AgoraAppGroupDataHelper in Frameworks */,
				7EC977AE2A74247000F67AE3 /* DRM in Frameworks */,
				7EC977BC2A74247000F67AE3 /* VideoCodecEnc in Frameworks */,
				7EC977A82A74247000F67AE3 /* AudioBeauty in Frameworks */,
				7EC977B82A74247000F67AE3 /* VQA in Frameworks */,
				7EC977B42A74247000F67AE3 /* RtcBasic in Frameworks */,
				7EC977B02A74247000F67AE3 /* FaceDetection in Frameworks */,
				7EC977C32A74256B00F67AE3 /* AgoraBroadcastExtensionHelper in Frameworks */,
				7EC977AC2A74247000F67AE3 /* ContentInspect in Frameworks */,
				7EC977BA2A74247000F67AE3 /* VideoCodecDec in Frameworks */,
				7EC977BE2A74247000F67AE3 /* VirtualBackground in Frameworks */,
				7EC977A42A74247000F67AE3 /* AIAEC in Frameworks */,
				7EC977C52A74256B00F67AE3 /* AgoraUIKit in Frameworks */,
				7EC977AA2A74247000F67AE3 /* ClearVision in Frameworks */,
				7EC977B22A74247000F67AE3 /* ReplayKit in Frameworks */,
				7EC977B62A74247000F67AE3 /* SpatialAudio in Frameworks */,
				7EC977A62A74247000F67AE3 /* AINS in Frameworks */,
			);
			runOnlyForDeploymentPostprocessing = 0;
		};
/* End PBXFrameworksBuildPhase section */

/* Begin PBXGroup section */
		7EF0C10F2A70BE0C005C78F0 = {
			isa = PBXGroup;
			children = (
				7EF0C11A2A70BE0C005C78F0 /* call */,
				7EF0C1192A70BE0C005C78F0 /* Products */,
			);
			sourceTree = "<group>";
		};
		7EF0C1192A70BE0C005C78F0 /* Products */ = {
			isa = PBXGroup;
			children = (
				7EF0C1182A70BE0C005C78F0 /* call.app */,
			);
			name = Products;
			sourceTree = "<group>";
		};
		7EF0C11A2A70BE0C005C78F0 /* call */ = {
			isa = PBXGroup;
			children = (
				7EF0C11B2A70BE0C005C78F0 /* AppDelegate.swift */,
				7EF0C11D2A70BE0C005C78F0 /* SceneDelegate.swift */,
				7EF0C11F2A70BE0C005C78F0 /* ViewController.swift */,
				7EF0C1212A70BE0C005C78F0 /* Main.storyboard */,
				7EF0C1242A70BE0D005C78F0 /* Assets.xcassets */,
				7EF0C1262A70BE0D005C78F0 /* LaunchScreen.storyboard */,
				7EF0C1292A70BE0D005C78F0 /* Info.plist */,
			);
			path = call;
			sourceTree = "<group>";
		};
/* End PBXGroup section */

/* Begin PBXNativeTarget section */
		7EF0C1172A70BE0C005C78F0 /* call */ = {
			isa = PBXNativeTarget;
			buildConfigurationList = 7EF0C12C2A70BE0D005C78F0 /* Build configuration list for PBXNativeTarget "call" */;
			buildPhases = (
				7EF0C1142A70BE0C005C78F0 /* Sources */,
				7EF0C1152A70BE0C005C78F0 /* Frameworks */,
				7EF0C1162A70BE0C005C78F0 /* Resources */,
			);
			buildRules = (
			);
			dependencies = (
			);
			name = call;
			packageProductDependencies = (
				7EC977A32A74247000F67AE3 /* AIAEC */,
				7EC977A52A74247000F67AE3 /* AINS */,
				7EC977A72A74247000F67AE3 /* AudioBeauty */,
				7EC977A92A74247000F67AE3 /* ClearVision */,
				7EC977AB2A74247000F67AE3 /* ContentInspect */,
				7EC977AD2A74247000F67AE3 /* DRM */,
				7EC977AF2A74247000F67AE3 /* FaceDetection */,
				7EC977B12A74247000F67AE3 /* ReplayKit */,
				7EC977B32A74247000F67AE3 /* RtcBasic */,
				7EC977B52A74247000F67AE3 /* SpatialAudio */,
				7EC977B72A74247000F67AE3 /* VQA */,
				7EC977B92A74247000F67AE3 /* VideoCodecDec */,
				7EC977BB2A74247000F67AE3 /* VideoCodecEnc */,
				7EC977BD2A74247000F67AE3 /* VirtualBackground */,
				7EC977C02A74256B00F67AE3 /* AgoraAppGroupDataHelper */,
				7EC977C22A74256B00F67AE3 /* AgoraBroadcastExtensionHelper */,
				7EC977C42A74256B00F67AE3 /* AgoraUIKit */,
			);
			productName = call;
			productReference = 7EF0C1182A70BE0C005C78F0 /* call.app */;
			productType = "com.apple.product-type.application";
		};
/* End PBXNativeTarget section */

/* Begin PBXProject section */
		7EF0C1102A70BE0C005C78F0 /* Project object */ = {
			isa = PBXProject;
			attributes = {
				BuildIndependentTargetsInParallel = 1;
				LastSwiftUpdateCheck = 1430;
				LastUpgradeCheck = 1430;
				TargetAttributes = {
					7EF0C1172A70BE0C005C78F0 = {
						CreatedOnToolsVersion = 14.3.1;
					};
				};
			};
			buildConfigurationList = 7EF0C1132A70BE0C005C78F0 /* Build configuration list for PBXProject "call" */;
			compatibilityVersion = "Xcode 14.0";
			developmentRegion = en;
			hasScannedForEncodings = 0;
			knownRegions = (
				en,
				Base,
			);
			mainGroup = 7EF0C10F2A70BE0C005C78F0;
			packageReferences = (
				7EC977A22A74247000F67AE3 /* XCRemoteSwiftPackageReference "AgoraRtcEngine_iOS.git" */,
				7EC977BF2A74256B00F67AE3 /* XCRemoteSwiftPackageReference "VideoUIKit-iOS.git" */,
			);
			productRefGroup = 7EF0C1192A70BE0C005C78F0 /* Products */;
			projectDirPath = "";
			projectRoot = "";
			targets = (
				7EF0C1172A70BE0C005C78F0 /* call */,
			);
		};
/* End PBXProject section */

/* Begin PBXResourcesBuildPhase section */
		7EF0C1162A70BE0C005C78F0 /* Resources */ = {
			isa = PBXResourcesBuildPhase;
			buildActionMask = 2147483647;
			files = (
				7EF0C1282A70BE0D005C78F0 /* LaunchScreen.storyboard in Resources */,
				7EF0C1252A70BE0D005C78F0 /* Assets.xcassets in Resources */,
				7EF0C1232A70BE0C005C78F0 /* Main.storyboard in Resources */,
			);
			runOnlyForDeploymentPostprocessing = 0;
		};
/* End PBXResourcesBuildPhase section */

/* Begin PBXSourcesBuildPhase section */
		7EF0C1142A70BE0C005C78F0 /* Sources */ = {
			isa = PBXSourcesBuildPhase;
			buildActionMask = 2147483647;
			files = (
				7EF0C1202A70BE0C005C78F0 /* ViewController.swift in Sources */,
				7EF0C11C2A70BE0C005C78F0 /* AppDelegate.swift in Sources */,
				7EF0C11E2A70BE0C005C78F0 /* SceneDelegate.swift in Sources */,
			);
			runOnlyForDeploymentPostprocessing = 0;
		};
/* End PBXSourcesBuildPhase section */

/* Begin PBXVariantGroup section */
		7EF0C1212A70BE0C005C78F0 /* Main.storyboard */ = {
			isa = PBXVariantGroup;
			children = (
				7EF0C1222A70BE0C005C78F0 /* Base */,
			);
			name = Main.storyboard;
			sourceTree = "<group>";
		};
		7EF0C1262A70BE0D005C78F0 /* LaunchScreen.storyboard */ = {
			isa = PBXVariantGroup;
			children = (
				7EF0C1272A70BE0D005C78F0 /* Base */,
			);
			name = LaunchScreen.storyboard;
			sourceTree = "<group>";
		};
/* End PBXVariantGroup section */

/* Begin XCBuildConfiguration section */
		7EF0C12A2A70BE0D005C78F0 /* Debug */ = {
			isa = XCBuildConfiguration;
			buildSettings = {
				ALWAYS_SEARCH_USER_PATHS = NO;
				CLANG_ANALYZER_NONNULL = YES;
				CLANG_ANALYZER_NUMBER_OBJECT_CONVERSION = YES_AGGRESSIVE;
				CLANG_CXX_LANGUAGE_STANDARD = "gnu++20";
				CLANG_ENABLE_MODULES = YES;
				CLANG_ENABLE_OBJC_ARC = YES;
				CLANG_ENABLE_OBJC_WEAK = YES;
				CLANG_WARN_BLOCK_CAPTURE_AUTORELEASING = YES;
				CLANG_WARN_BOOL_CONVERSION = YES;
				CLANG_WARN_COMMA = YES;
				CLANG_WARN_CONSTANT_CONVERSION = YES;
				CLANG_WARN_DEPRECATED_OBJC_IMPLEMENTATIONS = YES;
				CLANG_WARN_DIRECT_OBJC_ISA_USAGE = YES_ERROR;
				CLANG_WARN_DOCUMENTATION_COMMENTS = YES;
				CLANG_WARN_EMPTY_BODY = YES;
				CLANG_WARN_ENUM_CONVERSION = YES;
				CLANG_WARN_INFINITE_RECURSION = YES;
				CLANG_WARN_INT_CONVERSION = YES;
				CLANG_WARN_NON_LITERAL_NULL_CONVERSION = YES;
				CLANG_WARN_OBJC_IMPLICIT_RETAIN_SELF = YES;
				CLANG_WARN_OBJC_LITERAL_CONVERSION = YES;
				CLANG_WARN_OBJC_ROOT_CLASS = YES_ERROR;
				CLANG_WARN_QUOTED_INCLUDE_IN_FRAMEWORK_HEADER = YES;
				CLANG_WARN_RANGE_LOOP_ANALYSIS = YES;
				CLANG_WARN_STRICT_PROTOTYPES = YES;
				CLANG_WARN_SUSPICIOUS_MOVE = YES;
				CLANG_WARN_UNGUARDED_AVAILABILITY = YES_AGGRESSIVE;
				CLANG_WARN_UNREACHABLE_CODE = YES;
				CLANG_WARN__DUPLICATE_METHOD_MATCH = YES;
				COPY_PHASE_STRIP = NO;
				DEBUG_INFORMATION_FORMAT = dwarf;
				ENABLE_STRICT_OBJC_MSGSEND = YES;
				ENABLE_TESTABILITY = YES;
				GCC_C_LANGUAGE_STANDARD = gnu11;
				GCC_DYNAMIC_NO_PIC = NO;
				GCC_NO_COMMON_BLOCKS = YES;
				GCC_OPTIMIZATION_LEVEL = 0;
				GCC_PREPROCESSOR_DEFINITIONS = (
					"DEBUG=1",
					"$(inherited)",
				);
				GCC_WARN_64_TO_32_BIT_CONVERSION = YES;
				GCC_WARN_ABOUT_RETURN_TYPE = YES_ERROR;
				GCC_WARN_UNDECLARED_SELECTOR = YES;
				GCC_WARN_UNINITIALIZED_AUTOS = YES_AGGRESSIVE;
				GCC_WARN_UNUSED_FUNCTION = YES;
				GCC_WARN_UNUSED_VARIABLE = YES;
				IPHONEOS_DEPLOYMENT_TARGET = 16.4;
				MTL_ENABLE_DEBUG_INFO = INCLUDE_SOURCE;
				MTL_FAST_MATH = YES;
				ONLY_ACTIVE_ARCH = YES;
				SDKROOT = iphoneos;
				SWIFT_ACTIVE_COMPILATION_CONDITIONS = DEBUG;
				SWIFT_OPTIMIZATION_LEVEL = "-Onone";
			};
			name = Debug;
		};
		7EF0C12B2A70BE0D005C78F0 /* Release */ = {
			isa = XCBuildConfiguration;
			buildSettings = {
				ALWAYS_SEARCH_USER_PATHS = NO;
				CLANG_ANALYZER_NONNULL = YES;
				CLANG_ANALYZER_NUMBER_OBJECT_CONVERSION = YES_AGGRESSIVE;
				CLANG_CXX_LANGUAGE_STANDARD = "gnu++20";
				CLANG_ENABLE_MODULES = YES;
				CLANG_ENABLE_OBJC_ARC = YES;
				CLANG_ENABLE_OBJC_WEAK = YES;
				CLANG_WARN_BLOCK_CAPTURE_AUTORELEASING = YES;
				CLANG_WARN_BOOL_CONVERSION = YES;
				CLANG_WARN_COMMA = YES;
				CLANG_WARN_CONSTANT_CONVERSION = YES;
				CLANG_WARN_DEPRECATED_OBJC_IMPLEMENTATIONS = YES;
				CLANG_WARN_DIRECT_OBJC_ISA_USAGE = YES_ERROR;
				CLANG_WARN_DOCUMENTATION_COMMENTS = YES;
				CLANG_WARN_EMPTY_BODY = YES;
				CLANG_WARN_ENUM_CONVERSION = YES;
				CLANG_WARN_INFINITE_RECURSION = YES;
				CLANG_WARN_INT_CONVERSION = YES;
				CLANG_WARN_NON_LITERAL_NULL_CONVERSION = YES;
				CLANG_WARN_OBJC_IMPLICIT_RETAIN_SELF = YES;
				CLANG_WARN_OBJC_LITERAL_CONVERSION = YES;
				CLANG_WARN_OBJC_ROOT_CLASS = YES_ERROR;
				CLANG_WARN_QUOTED_INCLUDE_IN_FRAMEWORK_HEADER = YES;
				CLANG_WARN_RANGE_LOOP_ANALYSIS = YES;
				CLANG_WARN_STRICT_PROTOTYPES = YES;
				CLANG_WARN_SUSPICIOUS_MOVE = YES;
				CLANG_WARN_UNGUARDED_AVAILABILITY = YES_AGGRESSIVE;
				CLANG_WARN_UNREACHABLE_CODE = YES;
				CLANG_WARN__DUPLICATE_METHOD_MATCH = YES;
				COPY_PHASE_STRIP = NO;
				DEBUG_INFORMATION_FORMAT = "dwarf-with-dsym";
				ENABLE_NS_ASSERTIONS = NO;
				ENABLE_STRICT_OBJC_MSGSEND = YES;
				GCC_C_LANGUAGE_STANDARD = gnu11;
				GCC_NO_COMMON_BLOCKS = YES;
				GCC_WARN_64_TO_32_BIT_CONVERSION = YES;
				GCC_WARN_ABOUT_RETURN_TYPE = YES_ERROR;
				GCC_WARN_UNDECLARED_SELECTOR = YES;
				GCC_WARN_UNINITIALIZED_AUTOS = YES_AGGRESSIVE;
				GCC_WARN_UNUSED_FUNCTION = YES;
				GCC_WARN_UNUSED_VARIABLE = YES;
				IPHONEOS_DEPLOYMENT_TARGET = 16.4;
				MTL_ENABLE_DEBUG_INFO = NO;
				MTL_FAST_MATH = YES;
				SDKROOT = iphoneos;
				SWIFT_COMPILATION_MODE = wholemodule;
				SWIFT_OPTIMIZATION_LEVEL = "-O";
				VALIDATE_PRODUCT = YES;
			};
			name = Release;
		};
		7EF0C12D2A70BE0D005C78F0 /* Debug */ = {
			isa = XCBuildConfiguration;
			buildSettings = {
				ASSETCATALOG_COMPILER_APPICON_NAME = AppIcon;
				ASSETCATALOG_COMPILER_GLOBAL_ACCENT_COLOR_NAME = AccentColor;
				CODE_SIGN_STYLE = Automatic;
				CURRENT_PROJECT_VERSION = 1;
				GENERATE_INFOPLIST_FILE = YES;
				INFOPLIST_FILE = call/Info.plist;
				INFOPLIST_KEY_NSCameraUsageDescription = "Quiero verte";
				INFOPLIST_KEY_NSMicrophoneUsageDescription = "Quiero oirte";
				INFOPLIST_KEY_UIApplicationSupportsIndirectInputEvents = YES;
				INFOPLIST_KEY_UILaunchStoryboardName = LaunchScreen;
				INFOPLIST_KEY_UIMainStoryboardFile = Main;
				INFOPLIST_KEY_UISupportedInterfaceOrientations_iPad = "UIInterfaceOrientationPortrait UIInterfaceOrientationPortraitUpsideDown UIInterfaceOrientationLandscapeLeft UIInterfaceOrientationLandscapeRight";
				INFOPLIST_KEY_UISupportedInterfaceOrientations_iPhone = "UIInterfaceOrientationPortrait UIInterfaceOrientationLandscapeLeft UIInterfaceOrientationLandscapeRight";
				LD_RUNPATH_SEARCH_PATHS = (
					"$(inherited)",
					"@executable_path/Frameworks",
				);
				MARKETING_VERSION = 1.0;
				PRODUCT_BUNDLE_IDENTIFIER = yaelzamora.call;
				PRODUCT_NAME = "$(TARGET_NAME)";
				SWIFT_EMIT_LOC_STRINGS = YES;
				SWIFT_VERSION = 5.0;
				TARGETED_DEVICE_FAMILY = "1,2";
			};
			name = Debug;
		};
		7EF0C12E2A70BE0D005C78F0 /* Release */ = {
			isa = XCBuildConfiguration;
			buildSettings = {
				ASSETCATALOG_COMPILER_APPICON_NAME = AppIcon;
				ASSETCATALOG_COMPILER_GLOBAL_ACCENT_COLOR_NAME = AccentColor;
				CODE_SIGN_STYLE = Automatic;
				CURRENT_PROJECT_VERSION = 1;
				GENERATE_INFOPLIST_FILE = YES;
				INFOPLIST_FILE = call/Info.plist;
				INFOPLIST_KEY_NSCameraUsageDescription = "Quiero verte";
				INFOPLIST_KEY_NSMicrophoneUsageDescription = "Quiero oirte";
				INFOPLIST_KEY_UIApplicationSupportsIndirectInputEvents = YES;
				INFOPLIST_KEY_UILaunchStoryboardName = LaunchScreen;
				INFOPLIST_KEY_UIMainStoryboardFile = Main;
				INFOPLIST_KEY_UISupportedInterfaceOrientations_iPad = "UIInterfaceOrientationPortrait UIInterfaceOrientationPortraitUpsideDown UIInterfaceOrientationLandscapeLeft UIInterfaceOrientationLandscapeRight";
				INFOPLIST_KEY_UISupportedInterfaceOrientations_iPhone = "UIInterfaceOrientationPortrait UIInterfaceOrientationLandscapeLeft UIInterfaceOrientationLandscapeRight";
				LD_RUNPATH_SEARCH_PATHS = (
					"$(inherited)",
					"@executable_path/Frameworks",
				);
				MARKETING_VERSION = 1.0;
				PRODUCT_BUNDLE_IDENTIFIER = yaelzamora.call;
				PRODUCT_NAME = "$(TARGET_NAME)";
				SWIFT_EMIT_LOC_STRINGS = YES;
				SWIFT_VERSION = 5.0;
				TARGETED_DEVICE_FAMILY = "1,2";
			};
			name = Release;
		};
/* End XCBuildConfiguration section */

/* Begin XCConfigurationList section */
		7EF0C1132A70BE0C005C78F0 /* Build configuration list for PBXProject "call" */ = {
			isa = XCConfigurationList;
			buildConfigurations = (
				7EF0C12A2A70BE0D005C78F0 /* Debug */,
				7EF0C12B2A70BE0D005C78F0 /* Release */,
			);
			defaultConfigurationIsVisible = 0;
			defaultConfigurationName = Release;
		};
		7EF0C12C2A70BE0D005C78F0 /* Build configuration list for PBXNativeTarget "call" */ = {
			isa = XCConfigurationList;
			buildConfigurations = (
				7EF0C12D2A70BE0D005C78F0 /* Debug */,
				7EF0C12E2A70BE0D005C78F0 /* Release */,
			);
			defaultConfigurationIsVisible = 0;
			defaultConfigurationName = Release;
		};
/* End XCConfigurationList section */

/* Begin XCRemoteSwiftPackageReference section */
		7EC977A22A74247000F67AE3 /* XCRemoteSwiftPackageReference "AgoraRtcEngine_iOS.git" */ = {
			isa = XCRemoteSwiftPackageReference;
			repositoryURL = "https://github.com/AgoraIO/AgoraRtcEngine_iOS.git";
			requirement = {
				kind = upToNextMajorVersion;
				minimumVersion = 4.0.0;
			};
		};
		7EC977BF2A74256B00F67AE3 /* XCRemoteSwiftPackageReference "VideoUIKit-iOS.git" */ = {
			isa = XCRemoteSwiftPackageReference;
			repositoryURL = "https://github.com/AgoraIO-Community/VideoUIKit-iOS.git";
			requirement = {
				kind = upToNextMajorVersion;
				minimumVersion = 4.0.0;
			};
		};
/* End XCRemoteSwiftPackageReference section */

/* Begin XCSwiftPackageProductDependency section */
		7EC977A32A74247000F67AE3 /* AIAEC */ = {
			isa = XCSwiftPackageProductDependency;
			package = 7EC977A22A74247000F67AE3 /* XCRemoteSwiftPackageReference "AgoraRtcEngine_iOS.git" */;
			productName = AIAEC;
		};
		7EC977A52A74247000F67AE3 /* AINS */ = {
			isa = XCSwiftPackageProductDependency;
			package = 7EC977A22A74247000F67AE3 /* XCRemoteSwiftPackageReference "AgoraRtcEngine_iOS.git" */;
			productName = AINS;
		};
		7EC977A72A74247000F67AE3 /* AudioBeauty */ = {
			isa = XCSwiftPackageProductDependency;
			package = 7EC977A22A74247000F67AE3 /* XCRemoteSwiftPackageReference "AgoraRtcEngine_iOS.git" */;
			productName = AudioBeauty;
		};
		7EC977A92A74247000F67AE3 /* ClearVision */ = {
			isa = XCSwiftPackageProductDependency;
			package = 7EC977A22A74247000F67AE3 /* XCRemoteSwiftPackageReference "AgoraRtcEngine_iOS.git" */;
			productName = ClearVision;
		};
		7EC977AB2A74247000F67AE3 /* ContentInspect */ = {
			isa = XCSwiftPackageProductDependency;
			package = 7EC977A22A74247000F67AE3 /* XCRemoteSwiftPackageReference "AgoraRtcEngine_iOS.git" */;
			productName = ContentInspect;
		};
		7EC977AD2A74247000F67AE3 /* DRM */ = {
			isa = XCSwiftPackageProductDependency;
			package = 7EC977A22A74247000F67AE3 /* XCRemoteSwiftPackageReference "AgoraRtcEngine_iOS.git" */;
			productName = DRM;
		};
		7EC977AF2A74247000F67AE3 /* FaceDetection */ = {
			isa = XCSwiftPackageProductDependency;
			package = 7EC977A22A74247000F67AE3 /* XCRemoteSwiftPackageReference "AgoraRtcEngine_iOS.git" */;
			productName = FaceDetection;
		};
		7EC977B12A74247000F67AE3 /* ReplayKit */ = {
			isa = XCSwiftPackageProductDependency;
			package = 7EC977A22A74247000F67AE3 /* XCRemoteSwiftPackageReference "AgoraRtcEngine_iOS.git" */;
			productName = ReplayKit;
		};
		7EC977B32A74247000F67AE3 /* RtcBasic */ = {
			isa = XCSwiftPackageProductDependency;
			package = 7EC977A22A74247000F67AE3 /* XCRemoteSwiftPackageReference "AgoraRtcEngine_iOS.git" */;
			productName = RtcBasic;
		};
		7EC977B52A74247000F67AE3 /* SpatialAudio */ = {
			isa = XCSwiftPackageProductDependency;
			package = 7EC977A22A74247000F67AE3 /* XCRemoteSwiftPackageReference "AgoraRtcEngine_iOS.git" */;
			productName = SpatialAudio;
		};
		7EC977B72A74247000F67AE3 /* VQA */ = {
			isa = XCSwiftPackageProductDependency;
			package = 7EC977A22A74247000F67AE3 /* XCRemoteSwiftPackageReference "AgoraRtcEngine_iOS.git" */;
			productName = VQA;
		};
		7EC977B92A74247000F67AE3 /* VideoCodecDec */ = {
			isa = XCSwiftPackageProductDependency;
			package = 7EC977A22A74247000F67AE3 /* XCRemoteSwiftPackageReference "AgoraRtcEngine_iOS.git" */;
			productName = VideoCodecDec;
		};
		7EC977BB2A74247000F67AE3 /* VideoCodecEnc */ = {
			isa = XCSwiftPackageProductDependency;
			package = 7EC977A22A74247000F67AE3 /* XCRemoteSwiftPackageReference "AgoraRtcEngine_iOS.git" */;
			productName = VideoCodecEnc;
		};
		7EC977BD2A74247000F67AE3 /* VirtualBackground */ = {
			isa = XCSwiftPackageProductDependency;
			package = 7EC977A22A74247000F67AE3 /* XCRemoteSwiftPackageReference "AgoraRtcEngine_iOS.git" */;
			productName = VirtualBackground;
		};
		7EC977C02A74256B00F67AE3 /* AgoraAppGroupDataHelper */ = {
			isa = XCSwiftPackageProductDependency;
			package = 7EC977BF2A74256B00F67AE3 /* XCRemoteSwiftPackageReference "VideoUIKit-iOS.git" */;
			productName = AgoraAppGroupDataHelper;
		};
		7EC977C22A74256B00F67AE3 /* AgoraBroadcastExtensionHelper */ = {
			isa = XCSwiftPackageProductDependency;
			package = 7EC977BF2A74256B00F67AE3 /* XCRemoteSwiftPackageReference "VideoUIKit-iOS.git" */;
			productName = AgoraBroadcastExtensionHelper;
		};
		7EC977C42A74256B00F67AE3 /* AgoraUIKit */ = {
			isa = XCSwiftPackageProductDependency;
			package = 7EC977BF2A74256B00F67AE3 /* XCRemoteSwiftPackageReference "VideoUIKit-iOS.git" */;
			productName = AgoraUIKit;
		};
/* End XCSwiftPackageProductDependency section */
	};
	rootObject = 7EF0C1102A70BE0C005C78F0 /* Project object */;
}
