{
  "pins" : [
    {
      "identity" : "agorartcengine_ios",
      "kind" : "remoteSourceControl",
      "location" : "https://github.com/AgoraIO/AgoraRtcEngine_iOS.git",
      "state" : {
        "revision" : "2e035dbfd39dea92ba9efd6447cd976fba85d5ff",
        "version" : "4.2.2"
      }
    },
    {
      "identity" : "agorartm_ios",
      "kind" : "remoteSourceControl",
      "location" : "https://github.com/AgoraIO/AgoraRtm_iOS",
      "state" : {
        "revision" : "2e87ada22df8110cf85b9f18c2ac08083f4f63f4",
        "version" : "1.5.1"
      }
    },
    {
      "identity" : "drawsana",
      "kind" : "remoteSourceControl",
      "location" : "https://github.com/Asana/Drawsana",
      "state" : {
        "revision" : "8bf7c57ddb7e958315f1c1127cd92ba733cf5b10",
        "version" : "0.12.0"
      }
    },
    {
      "identity" : "videouikit-ios",
      "kind" : "remoteSourceControl",
      "location" : "https://github.com/AgoraIO-Community/VideoUIKit-iOS.git",
      "state" : {
        "revision" : "d2d20302e3e328aa24008b00aad8e706b96381ff",
        "version" : "4.1.1"
      }
    }
  ],
  "version" : 2
}
